// !$*UTF8*$!
{
	archiveVersion = 1;
	classes = {
	};
	objectVersion = 56;
	objects = {

/* Begin PBXBuildFile section */
		C9787E802C8F49A9006B971C /* AppDelegate.swift in Sources */ = {isa = PBXBuildFile; fileRef = C9787E7F2C8F49A9006B971C /* AppDelegate.swift */; };
		C9787E822C8F49A9006B971C /* SceneDelegate.swift in Sources */ = {isa = PBXBuildFile; fileRef = C9787E812C8F49A9006B971C /* SceneDelegate.swift */; };
		C9787E842C8F49A9006B971C /* ViewController.swift in Sources */ = {isa = PBXBuildFile; fileRef = C9787E832C8F49A9006B971C /* ViewController.swift */; };
		C9787E872C8F49A9006B971C /* Base in Resources */ = {isa = PBXBuildFile; fileRef = C9787E862C8F49A9006B971C /* Base */; };
		C9787E892C8F49AB006B971C /* Assets.xcassets in Resources */ = {isa = PBXBuildFile; fileRef = C9787E882C8F49AB006B971C /* Assets.xcassets */; };
		C9787E8C2C8F49AB006B971C /* Base in Resources */ = {isa = PBXBuildFile; fileRef = C9787E8B2C8F49AB006B971C /* Base */; };
		C9787E942C8F49F3006B971C /* StatePlist.plist in Resources */ = {isa = PBXBuildFile; fileRef = C9787E932C8F49F3006B971C /* StatePlist.plist */; };
		C9787E962C8F4AC8006B971C /* CountryModel.swift in Sources */ = {isa = PBXBuildFile; fileRef = C9787E952C8F4AC8006B971C /* CountryModel.swift */; };
		C9787E992C8F50F3006B971C /* StateCell.swift in Sources */ = {isa = PBXBuildFile; fileRef = C9787E972C8F50F3006B971C /* StateCell.swift */; };
		C9787E9A2C8F50F3006B971C /* StateCell.xib in Resources */ = {isa = PBXBuildFile; fileRef = C9787E982C8F50F3006B971C /* StateCell.xib */; };
		C9787E9C2C8F9645006B971C /* ViewModel.swift in Sources */ = {isa = PBXBuildFile; fileRef = C9787E9B2C8F9645006B971C /* ViewModel.swift */; };
/* End PBXBuildFile section */

/* Begin PBXFileReference section */
		C9787E7C2C8F49A9006B971C /* SearchBarPlist.app */ = {isa = PBXFileReference; explicitFileType = wrapper.application; includeInIndex = 0; path = SearchBarPlist.app; sourceTree = BUILT_PRODUCTS_DIR; };
		C9787E7F2C8F49A9006B971C /* AppDelegate.swift */ = {isa = PBXFileReference; lastKnownFileType = sourcecode.swift; path = AppDelegate.swift; sourceTree = "<group>"; };
		C9787E812C8F49A9006B971C /* SceneDelegate.swift */ = {isa = PBXFileReference; lastKnownFileType = sourcecode.swift; path = SceneDelegate.swift; sourceTree = "<group>"; };
		C9787E832C8F49A9006B971C /* ViewController.swift */ = {isa = PBXFileReference; lastKnownFileType = sourcecode.swift; path = ViewController.swift; sourceTree = "<group>"; };
		C9787E862C8F49A9006B971C /* Base */ = {isa = PBXFileReference; lastKnownFileType = file.storyboard; name = Base; path = Base.lproj/Main.storyboard; sourceTree = "<group>"; };
		C9787E882C8F49AB006B971C /* Assets.xcassets */ = {isa = PBXFileReference; lastKnownFileType = folder.assetcatalog; path = Assets.xcassets; sourceTree = "<group>"; };
		C9787E8B2C8F49AB006B971C /* Base */ = {isa = PBXFileReference; lastKnownFileType = file.storyboard; name = Base; path = Base.lproj/LaunchScreen.storyboard; sourceTree = "<group>"; };
		C9787E8D2C8F49AB006B971C /* Info.plist */ = {isa = PBXFileReference; lastKnownFileType = text.plist.xml; path = Info.plist; sourceTree = "<group>"; };
		C9787E932C8F49F3006B971C /* StatePlist.plist */ = {isa = PBXFileReference; lastKnownFileType = text.plist.xml; path = StatePlist.plist; sourceTree = "<group>"; };
		C9787E952C8F4AC8006B971C /* CountryModel.swift */ = {isa = PBXFileReference; lastKnownFileType = sourcecode.swift; path = CountryModel.swift; sourceTree = "<group>"; };
		C9787E972C8F50F3006B971C /* StateCell.swift */ = {isa = PBXFileReference; lastKnownFileType = sourcecode.swift; path = StateCell.swift; sourceTree = "<group>"; };
		C9787E982C8F50F3006B971C /* StateCell.xib */ = {isa = PBXFileReference; lastKnownFileType = file.xib; path = StateCell.xib; sourceTree = "<group>"; };
		C9787E9B2C8F9645006B971C /* ViewModel.swift */ = {isa = PBXFileReference; lastKnownFileType = sourcecode.swift; path = ViewModel.swift; sourceTree = "<group>"; };
/* End PBXFileReference section */

/* Begin PBXFrameworksBuildPhase section */
		C9787E792C8F49A9006B971C /* Frameworks */ = {
			isa = PBXFrameworksBuildPhase;
			buildActionMask = 2147483647;
			files = (
			);
			runOnlyForDeploymentPostprocessing = 0;
		};
/* End PBXFrameworksBuildPhase section */

/* Begin PBXGroup section */
		C9787E732C8F49A9006B971C = {
			isa = PBXGroup;
			children = (
				C9787E7E2C8F49A9006B971C /* SearchBarPlist */,
				C9787E7D2C8F49A9006B971C /* Products */,
			);
			sourceTree = "<group>";
		};
		C9787E7D2C8F49A9006B971C /* Products */ = {
			isa = PBXGroup;
			children = (
				C9787E7C2C8F49A9006B971C /* SearchBarPlist.app */,
			);
			name = Products;
			sourceTree = "<group>";
		};
		C9787E7E2C8F49A9006B971C /* SearchBarPlist */ = {
			isa = PBXGroup;
			children = (
				C9787E7F2C8F49A9006B971C /* AppDelegate.swift */,
				C9787E972C8F50F3006B971C /* StateCell.swift */,
				C9787E982C8F50F3006B971C /* StateCell.xib */,
				C9787E932C8F49F3006B971C /* StatePlist.plist */,
				C9787E812C8F49A9006B971C /* SceneDelegate.swift */,
				C9787E832C8F49A9006B971C /* ViewController.swift */,
				C9787E952C8F4AC8006B971C /* CountryModel.swift */,
				C9787E9B2C8F9645006B971C /* ViewModel.swift */,
				C9787E852C8F49A9006B971C /* Main.storyboard */,
				C9787E882C8F49AB006B971C /* Assets.xcassets */,
				C9787E8A2C8F49AB006B971C /* LaunchScreen.storyboard */,
				C9787E8D2C8F49AB006B971C /* Info.plist */,
			);
			path = SearchBarPlist;
			sourceTree = "<group>";
		};
/* End PBXGroup section */

/* Begin PBXNativeTarget section */
		C9787E7B2C8F49A9006B971C /* SearchBarPlist */ = {
			isa = PBXNativeTarget;
			buildConfigurationList = C9787E902C8F49AB006B971C /* Build configuration list for PBXNativeTarget "SearchBarPlist" */;
			buildPhases = (
				C9787E782C8F49A9006B971C /* Sources */,
				C9787E792C8F49A9006B971C /* Frameworks */,
				C9787E7A2C8F49A9006B971C /* Resources */,
			);
			buildRules = (
			);
			dependencies = (
			);
			name = SearchBarPlist;
			productName = SearchBarPlist;
			productReference = C9787E7C2C8F49A9006B971C /* SearchBarPlist.app */;
			productType = "com.apple.product-type.application";
		};
/* End PBXNativeTarget section */

/* Begin PBXProject section */
		C9787E742C8F49A9006B971C /* Project object */ = {
			isa = PBXProject;
			attributes = {
				BuildIndependentTargetsInParallel = 1;
				LastSwiftUpdateCheck = 1540;
				LastUpgradeCheck = 1540;
				TargetAttributes = {
					C9787E7B2C8F49A9006B971C = {
						CreatedOnToolsVersion = 15.4;
					};
				};
			};
			buildConfigurationList = C9787E772C8F49A9006B971C /* Build configuration list for PBXProject "SearchBarPlist" */;
			compatibilityVersion = "Xcode 14.0";
			developmentRegion = en;
			hasScannedForEncodings = 0;
			knownRegions = (
				en,
				Base,
			);
			mainGroup = C9787E732C8F49A9006B971C;
			productRefGroup = C9787E7D2C8F49A9006B971C /* Products */;
			projectDirPath = "";
			projectRoot = "";
			targets = (
				C9787E7B2C8F49A9006B971C /* SearchBarPlist */,
			);
		};
/* End PBXProject section */

/* Begin PBXResourcesBuildPhase section */
		C9787E7A2C8F49A9006B971C /* Resources */ = {
			isa = PBXResourcesBuildPhase;
			buildActionMask = 2147483647;
			files = (
				C9787E892C8F49AB006B971C /* Assets.xcassets in Resources */,
				C9787E8C2C8F49AB006B971C /* Base in Resources */,
				C9787E872C8F49A9006B971C /* Base in Resources */,
				C9787E9A2C8F50F3006B971C /* StateCell.xib in Resources */,
				C9787E942C8F49F3006B971C /* StatePlist.plist in Resources */,
			);
			runOnlyForDeploymentPostprocessing = 0;
		};
/* End PBXResourcesBuildPhase section */

/* Begin PBXSourcesBuildPhase section */
		C9787E782C8F49A9006B971C /* Sources */ = {
			isa = PBXSourcesBuildPhase;
			buildActionMask = 2147483647;
			files = (
				C9787E992C8F50F3006B971C /* StateCell.swift in Sources */,
				C9787E842C8F49A9006B971C /* ViewController.swift in Sources */,
				C9787E802C8F49A9006B971C /* AppDelegate.swift in Sources */,
				C9787E962C8F4AC8006B971C /* CountryModel.swift in Sources */,
				C9787E9C2C8F9645006B971C /* ViewModel.swift in Sources */,
				C9787E822C8F49A9006B971C /* SceneDelegate.swift in Sources */,
			);
			runOnlyForDeploymentPostprocessing = 0;
		};
/* End PBXSourcesBuildPhase section */

/* Begin PBXVariantGroup section */
		C9787E852C8F49A9006B971C /* Main.storyboard */ = {
			isa = PBXVariantGroup;
			children = (
				C9787E862C8F49A9006B971C /* Base */,
			);
			name = Main.storyboard;
			sourceTree = "<group>";
		};
		C9787E8A2C8F49AB006B971C /* LaunchScreen.storyboard */ = {
			isa = PBXVariantGroup;
			children = (
				C9787E8B2C8F49AB006B971C /* Base */,
			);
			name = LaunchScreen.storyboard;
			sourceTree = "<group>";
		};
/* End PBXVariantGroup section */

/* Begin XCBuildConfiguration section */
		C9787E8E2C8F49AB006B971C /* Debug */ = {
			isa = XCBuildConfiguration;
			buildSettings = {
				ALWAYS_SEARCH_USER_PATHS = NO;
				ASSETCATALOG_COMPILER_GENERATE_SWIFT_ASSET_SYMBOL_EXTENSIONS = YES;
				CLANG_ANALYZER_NONNULL = YES;
				CLANG_ANALYZER_NUMBER_OBJECT_CONVERSION = YES_AGGRESSIVE;
				CLANG_CXX_LANGUAGE_STANDARD = "gnu++20";
				CLANG_ENABLE_MODULES = YES;
				CLANG_ENABLE_OBJC_ARC = YES;
				CLANG_ENABLE_OBJC_WEAK = YES;
				CLANG_WARN_BLOCK_CAPTURE_AUTORELEASING = YES;
				CLANG_WARN_BOOL_CONVERSION = YES;
				CLANG_WARN_COMMA = YES;
				CLANG_WARN_CONSTANT_CONVERSION = YES;
				CLANG_WARN_DEPRECATED_OBJC_IMPLEMENTATIONS = YES;
				CLANG_WARN_DIRECT_OBJC_ISA_USAGE = YES_ERROR;
				CLANG_WARN_DOCUMENTATION_COMMENTS = YES;
				CLANG_WARN_EMPTY_BODY = YES;
				CLANG_WARN_ENUM_CONVERSION = YES;
				CLANG_WARN_INFINITE_RECURSION = YES;
				CLANG_WARN_INT_CONVERSION = YES;
				CLANG_WARN_NON_LITERAL_NULL_CONVERSION = YES;
				CLANG_WARN_OBJC_IMPLICIT_RETAIN_SELF = YES;
				CLANG_WARN_OBJC_LITERAL_CONVERSION = YES;
				CLANG_WARN_OBJC_ROOT_CLASS = YES_ERROR;
				CLANG_WARN_QUOTED_INCLUDE_IN_FRAMEWORK_HEADER = YES;
				CLANG_WARN_RANGE_LOOP_ANALYSIS = YES;
				CLANG_WARN_STRICT_PROTOTYPES = YES;
				CLANG_WARN_SUSPICIOUS_MOVE = YES;
				CLANG_WARN_UNGUARDED_AVAILABILITY = YES_AGGRESSIVE;
				CLANG_WARN_UNREACHABLE_CODE = YES;
				CLANG_WARN__DUPLICATE_METHOD_MATCH = YES;
				COPY_PHASE_STRIP = NO;
				DEBUG_INFORMATION_FORMAT = dwarf;
				ENABLE_STRICT_OBJC_MSGSEND = YES;
				ENABLE_TESTABILITY = YES;
				ENABLE_USER_SCRIPT_SANDBOXING = YES;
				GCC_C_LANGUAGE_STANDARD = gnu17;
				GCC_DYNAMIC_NO_PIC = NO;
				GCC_NO_COMMON_BLOCKS = YES;
				GCC_OPTIMIZATION_LEVEL = 0;
				GCC_PREPROCESSOR_DEFINITIONS = (
					"DEBUG=1",
					"$(inherited)",
				);
				GCC_WARN_64_TO_32_BIT_CONVERSION = YES;
				GCC_WARN_ABOUT_RETURN_TYPE = YES_ERROR;
				GCC_WARN_UNDECLARED_SELECTOR = YES;
				GCC_WARN_UNINITIALIZED_AUTOS = YES_AGGRESSIVE;
				GCC_WARN_UNUSED_FUNCTION = YES;
				GCC_WARN_UNUSED_VARIABLE = YES;
				IPHONEOS_DEPLOYMENT_TARGET = 17.5;
				LOCALIZATION_PREFERS_STRING_CATALOGS = YES;
				MTL_ENABLE_DEBUG_INFO = INCLUDE_SOURCE;
				MTL_FAST_MATH = YES;
				ONLY_ACTIVE_ARCH = YES;
				SDKROOT = iphoneos;
				SWIFT_ACTIVE_COMPILATION_CONDITIONS = "DEBUG $(inherited)";
				SWIFT_OPTIMIZATION_LEVEL = "-Onone";
			};
			name = Debug;
		};
		C9787E8F2C8F49AB006B971C /* Release */ = {
			isa = XCBuildConfiguration;
			buildSettings = {
				ALWAYS_SEARCH_USER_PATHS = NO;
				ASSETCATALOG_COMPILER_GENERATE_SWIFT_ASSET_SYMBOL_EXTENSIONS = YES;
				CLANG_ANALYZER_NONNULL = YES;
				CLANG_ANALYZER_NUMBER_OBJECT_CONVERSION = YES_AGGRESSIVE;
				CLANG_CXX_LANGUAGE_STANDARD = "gnu++20";
				CLANG_ENABLE_MODULES = YES;
				CLANG_ENABLE_OBJC_ARC = YES;
				CLANG_ENABLE_OBJC_WEAK = YES;
				CLANG_WARN_BLOCK_CAPTURE_AUTORELEASING = YES;
				CLANG_WARN_BOOL_CONVERSION = YES;
				CLANG_WARN_COMMA = YES;
				CLANG_WARN_CONSTANT_CONVERSION = YES;
				CLANG_WARN_DEPRECATED_OBJC_IMPLEMENTATIONS = YES;
				CLANG_WARN_DIRECT_OBJC_ISA_USAGE = YES_ERROR;
				CLANG_WARN_DOCUMENTATION_COMMENTS = YES;
				CLANG_WARN_EMPTY_BODY = YES;
				CLANG_WARN_ENUM_CONVERSION = YES;
				CLANG_WARN_INFINITE_RECURSION = YES;
				CLANG_WARN_INT_CONVERSION = YES;
				CLANG_WARN_NON_LITERAL_NULL_CONVERSION = YES;
				CLANG_WARN_OBJC_IMPLICIT_RETAIN_SELF = YES;
				CLANG_WARN_OBJC_LITERAL_CONVERSION = YES;
				CLANG_WARN_OBJC_ROOT_CLASS = YES_ERROR;
				CLANG_WARN_QUOTED_INCLUDE_IN_FRAMEWORK_HEADER = YES;
				CLANG_WARN_RANGE_LOOP_ANALYSIS = YES;
				CLANG_WARN_STRICT_PROTOTYPES = YES;
				CLANG_WARN_SUSPICIOUS_MOVE = YES;
				CLANG_WARN_UNGUARDED_AVAILABILITY = YES_AGGRESSIVE;
				CLANG_WARN_UNREACHABLE_CODE = YES;
				CLANG_WARN__DUPLICATE_METHOD_MATCH = YES;
				COPY_PHASE_STRIP = NO;
				DEBUG_INFORMATION_FORMAT = "dwarf-with-dsym";
				ENABLE_NS_ASSERTIONS = NO;
				ENABLE_STRICT_OBJC_MSGSEND = YES;
				ENABLE_USER_SCRIPT_SANDBOXING = YES;
				GCC_C_LANGUAGE_STANDARD = gnu17;
				GCC_NO_COMMON_BLOCKS = YES;
				GCC_WARN_64_TO_32_BIT_CONVERSION = YES;
				GCC_WARN_ABOUT_RETURN_TYPE = YES_ERROR;
				GCC_WARN_UNDECLARED_SELECTOR = YES;
				GCC_WARN_UNINITIALIZED_AUTOS = YES_AGGRESSIVE;
				GCC_WARN_UNUSED_FUNCTION = YES;
				GCC_WARN_UNUSED_VARIABLE = YES;
				IPHONEOS_DEPLOYMENT_TARGET = 17.5;
				LOCALIZATION_PREFERS_STRING_CATALOGS = YES;
				MTL_ENABLE_DEBUG_INFO = NO;
				MTL_FAST_MATH = YES;
				SDKROOT = iphoneos;
				SWIFT_COMPILATION_MODE = wholemodule;
				VALIDATE_PRODUCT = YES;
			};
			name = Release;
		};
		C9787E912C8F49AB006B971C /* Debug */ = {
			isa = XCBuildConfiguration;
			buildSettings = {
				ASSETCATALOG_COMPILER_APPICON_NAME = AppIcon;
				ASSETCATALOG_COMPILER_GLOBAL_ACCENT_COLOR_NAME = AccentColor;
				CODE_SIGN_STYLE = Automatic;
				CURRENT_PROJECT_VERSION = 1;
				DEVELOPMENT_TEAM = FJ42WF89B8;
				GENERATE_INFOPLIST_FILE = YES;
				INFOPLIST_FILE = SearchBarPlist/Info.plist;
				INFOPLIST_KEY_UIApplicationSupportsIndirectInputEvents = YES;
				INFOPLIST_KEY_UILaunchStoryboardName = LaunchScreen;
				INFOPLIST_KEY_UIMainStoryboardFile = Main;
				INFOPLIST_KEY_UISupportedInterfaceOrientations_iPad = "UIInterfaceOrientationPortrait UIInterfaceOrientationPortraitUpsideDown UIInterfaceOrientationLandscapeLeft UIInterfaceOrientationLandscapeRight";
				INFOPLIST_KEY_UISupportedInterfaceOrientations_iPhone = "UIInterfaceOrientationPortrait UIInterfaceOrientationLandscapeLeft UIInterfaceOrientationLandscapeRight";
				IPHONEOS_DEPLOYMENT_TARGET = 17.0;
				LD_RUNPATH_SEARCH_PATHS = (
					"$(inherited)",
					"@executable_path/Frameworks",
				);
				MARKETING_VERSION = 1.0;
				PRODUCT_BUNDLE_IDENTIFIER = com.example.moradd.SearchBarPlist;
				PRODUCT_NAME = "$(TARGET_NAME)";
				SWIFT_EMIT_LOC_STRINGS = YES;
				SWIFT_VERSION = 5.0;
				TARGETED_DEVICE_FAMILY = "1,2";
			};
			name = Debug;
		};
		C9787E922C8F49AB006B971C /* Release */ = {
			isa = XCBuildConfiguration;
			buildSettings = {
				ASSETCATALOG_COMPILER_APPICON_NAME = AppIcon;
				ASSETCATALOG_COMPILER_GLOBAL_ACCENT_COLOR_NAME = AccentColor;
				CODE_SIGN_STYLE = Automatic;
				CURRENT_PROJECT_VERSION = 1;
				DEVELOPMENT_TEAM = FJ42WF89B8;
				GENERATE_INFOPLIST_FILE = YES;
				INFOPLIST_FILE = SearchBarPlist/Info.plist;
				INFOPLIST_KEY_UIApplicationSupportsIndirectInputEvents = YES;
				INFOPLIST_KEY_UILaunchStoryboardName = LaunchScreen;
				INFOPLIST_KEY_UIMainStoryboardFile = Main;
				INFOPLIST_KEY_UISupportedInterfaceOrientations_iPad = "UIInterfaceOrientationPortrait UIInterfaceOrientationPortraitUpsideDown UIInterfaceOrientationLandscapeLeft UIInterfaceOrientationLandscapeRight";
				INFOPLIST_KEY_UISupportedInterfaceOrientations_iPhone = "UIInterfaceOrientationPortrait UIInterfaceOrientationLandscapeLeft UIInterfaceOrientationLandscapeRight";
				IPHONEOS_DEPLOYMENT_TARGET = 17.0;
				LD_RUNPATH_SEARCH_PATHS = (
					"$(inherited)",
					"@executable_path/Frameworks",
				);
				MARKETING_VERSION = 1.0;
				PRODUCT_BUNDLE_IDENTIFIER = com.example.moradd.SearchBarPlist;
				PRODUCT_NAME = "$(TARGET_NAME)";
				SWIFT_EMIT_LOC_STRINGS = YES;
				SWIFT_VERSION = 5.0;
				TARGETED_DEVICE_FAMILY = "1,2";
			};
			name = Release;
		};
/* End XCBuildConfiguration section */

/* Begin XCConfigurationList section */
		C9787E772C8F49A9006B971C /* Build configuration list for PBXProject "SearchBarPlist" */ = {
			isa = XCConfigurationList;
			buildConfigurations = (
				C9787E8E2C8F49AB006B971C /* Debug */,
				C9787E8F2C8F49AB006B971C /* Release */,
			);
			defaultConfigurationIsVisible = 0;
			defaultConfigurationName = Release;
		};
		C9787E902C8F49AB006B971C /* Build configuration list for PBXNativeTarget "SearchBarPlist" */ = {
			isa = XCConfigurationList;
			buildConfigurations = (
				C9787E912C8F49AB006B971C /* Debug */,
				C9787E922C8F49AB006B971C /* Release */,
			);
			defaultConfigurationIsVisible = 0;
			defaultConfigurationName = Release;
		};
/* End XCConfigurationList section */
	};
	rootObject = C9787E742C8F49A9006B971C /* Project object */;
}
